
Microsoft Visual Studio Solution File, Format Version 12.00
# Visual Studio Version 17
VisualStudioVersion = 17.4.33205.214
MinimumVisualStudioVersion = 10.0.40219.1
Project("{888888A0-9F3D-457C-B088-3A5042F75D52}") = "cycles", "cycles\cycles.pyproj", "{8447CB72-5B03-452F-B03A-AB13CDE52941}"
EndProject
Global
	GlobalSection(SolutionConfigurationPlatforms) = preSolution
		Debug|Any CPU = Debug|Any CPU
		Release|Any CPU = Release|Any CPU
	EndGlobalSection
	GlobalSection(ProjectConfigurationPlatforms) = postSolution
		{8447CB72-5B03-452F-B03A-AB13CDE52941}.Debug|Any CPU.ActiveCfg = Debug|Any CPU
		{8447CB72-5B03-452F-B03A-AB13CDE52941}.Release|Any CPU.ActiveCfg = Release|Any CPU
	EndGlobalSection
	GlobalSection(SolutionProperties) = preSolution
		HideSolutionNode = FALSE
	EndGlobalSection
	GlobalSection(ExtensibilityGlobals) = postSolution
		SolutionGuid = {44654CD8-3C9C-41F6-95C1-8E6A86ACFA09}
	EndGlobalSection
EndGlobal
